
Microsoft Visual Studio Solution File, Format Version 12.00
# Visual Studio Version 17
VisualStudioVersion = 17.14.36310.24 d17.14
MinimumVisualStudioVersion = 10.0.40219.1
Project("{FAE04EC0-301F-11D3-BF4B-00C04F79EFBC}") = "EmployeeWellnessManagement", "EmployeeWellnessManagement.csproj", "{DA90EAC3-8E32-4DBE-8116-F0A5AACA518A}"
EndProject
Global
	GlobalSection(SolutionConfigurationPlatforms) = preSolution
		Debug|Any CPU = Debug|Any CPU
		Release|Any CPU = Release|Any CPU
	EndGlobalSection
	GlobalSection(ProjectConfigurationPlatforms) = postSolution
		{DA90EAC3-8E32-4DBE-8116-F0A5AACA518A}.Debug|Any CPU.ActiveCfg = Debug|Any CPU
		{DA90EAC3-8E32-4DBE-8116-F0A5AACA518A}.Debug|Any CPU.Build.0 = Debug|Any CPU
		{DA90EAC3-8E32-4DBE-8116-F0A5AACA518A}.Release|Any CPU.ActiveCfg = Release|Any CPU
		{DA90EAC3-8E32-4DBE-8116-F0A5AACA518A}.Release|Any CPU.Build.0 = Release|Any CPU
	EndGlobalSection
	GlobalSection(SolutionProperties) = preSolution
		HideSolutionNode = FALSE
	EndGlobalSection
	GlobalSection(ExtensibilityGlobals) = postSolution
		SolutionGuid = {D988FCC6-DF2E-4E80-8F6C-50C9E2701258}
	EndGlobalSection
EndGlobal
