
Microsoft Visual Studio Solution File, Format Version 12.00
# Visual Studio Version 17
VisualStudioVersion = 17.14.36310.24 d17.14
MinimumVisualStudioVersion = 10.0.40219.1
Project("{FAE04EC0-301F-11D3-BF4B-00C04F79EFBC}") = "EmployeeWellness", "EmployeeWellness.csproj", "{336C86E1-0AFE-CF4C-C9CE-6EDA0C00625C}"
EndProject
Project("{FAE04EC0-301F-11D3-BF4B-00C04F79EFBC}") = "EmployeeWellness.Core", "..\EmployeeWellness.Core\EmployeeWellness.Core.csproj", "{A5C9B744-3B2A-8746-26E3-939E4292CC9C}"
EndProject
Global
	GlobalSection(SolutionConfigurationPlatforms) = preSolution
		Debug|Any CPU = Debug|Any CPU
		Release|Any CPU = Release|Any CPU
	EndGlobalSection
	GlobalSection(ProjectConfigurationPlatforms) = postSolution
		{336C86E1-0AFE-CF4C-C9CE-6EDA0C00625C}.Debug|Any CPU.ActiveCfg = Debug|Any CPU
		{336C86E1-0AFE-CF4C-C9CE-6EDA0C00625C}.Debug|Any CPU.Build.0 = Debug|Any CPU
		{336C86E1-0AFE-CF4C-C9CE-6EDA0C00625C}.Release|Any CPU.ActiveCfg = Release|Any CPU
		{336C86E1-0AFE-CF4C-C9CE-6EDA0C00625C}.Release|Any CPU.Build.0 = Release|Any CPU
		{A5C9B744-3B2A-8746-26E3-939E4292CC9C}.Debug|Any CPU.ActiveCfg = Debug|Any CPU
		{A5C9B744-3B2A-8746-26E3-939E4292CC9C}.Debug|Any CPU.Build.0 = Debug|Any CPU
		{A5C9B744-3B2A-8746-26E3-939E4292CC9C}.Release|Any CPU.ActiveCfg = Release|Any CPU
		{A5C9B744-3B2A-8746-26E3-939E4292CC9C}.Release|Any CPU.Build.0 = Release|Any CPU
	EndGlobalSection
	GlobalSection(SolutionProperties) = preSolution
		HideSolutionNode = FALSE
	EndGlobalSection
	GlobalSection(ExtensibilityGlobals) = postSolution
		SolutionGuid = {50CDF405-45DB-4BD8-A98E-D93BB034AB8B}
	EndGlobalSection
EndGlobal
